
Microsoft Visual Studio Solution File, Format Version 11.00
# Visual Studio 2010
Project("{8BC9CEB8-8B4A-11D0-8D11-00A0C91BC942}") = "CCPomelo", "CCPomelo.vcxproj", "{A7C07B9C-93A0-4A8A-B2DE-53FFE8EA61DA}"
	ProjectSection(ProjectDependencies) = postProject
		{543F80B6-3DFF-A8DD-BE51-FB9314D6B234} = {543F80B6-3DFF-A8DD-BE51-FB9314D6B234}
	EndProjectSection
EndProject
Project("{8BC9CEB8-8B4A-11D0-8D11-00A0C91BC942}") = "libpomelo", "..\libpomelo\libpomelo.vcxproj", "{543F80B6-3DFF-A8DD-BE51-FB9314D6B234}"
EndProject
Global
	GlobalSection(SolutionConfigurationPlatforms) = preSolution
		Debug|Win32 = Debug|Win32
		Default|Win32 = Default|Win32
		Release|Win32 = Release|Win32
	EndGlobalSection
	GlobalSection(ProjectConfigurationPlatforms) = postSolution
		{A7C07B9C-93A0-4A8A-B2DE-53FFE8EA61DA}.Debug|Win32.ActiveCfg = Debug|Win32
		{A7C07B9C-93A0-4A8A-B2DE-53FFE8EA61DA}.Debug|Win32.Build.0 = Debug|Win32
		{A7C07B9C-93A0-4A8A-B2DE-53FFE8EA61DA}.Default|Win32.ActiveCfg = Debug|Win32
		{A7C07B9C-93A0-4A8A-B2DE-53FFE8EA61DA}.Default|Win32.Build.0 = Debug|Win32
		{A7C07B9C-93A0-4A8A-B2DE-53FFE8EA61DA}.Release|Win32.ActiveCfg = Release|Win32
		{A7C07B9C-93A0-4A8A-B2DE-53FFE8EA61DA}.Release|Win32.Build.0 = Release|Win32
		{543F80B6-3DFF-A8DD-BE51-FB9314D6B234}.Debug|Win32.ActiveCfg = Default|Win32
		{543F80B6-3DFF-A8DD-BE51-FB9314D6B234}.Debug|Win32.Build.0 = Default|Win32
		{543F80B6-3DFF-A8DD-BE51-FB9314D6B234}.Default|Win32.ActiveCfg = Default|Win32
		{543F80B6-3DFF-A8DD-BE51-FB9314D6B234}.Default|Win32.Build.0 = Default|Win32
		{543F80B6-3DFF-A8DD-BE51-FB9314D6B234}.Release|Win32.ActiveCfg = Default|Win32
		{543F80B6-3DFF-A8DD-BE51-FB9314D6B234}.Release|Win32.Build.0 = Default|Win32
	EndGlobalSection
	GlobalSection(SolutionProperties) = preSolution
		HideSolutionNode = FALSE
	EndGlobalSection
EndGlobal
